// !$*UTF8*$!
{
	archiveVersion = 1;
	classes = {
	};
	objectVersion = 56;
	objects = {

/* Begin PBXBuildFile section */
		841F65112AB4AF3000854BA7 /* AppDelegate.swift in Sources */ = {isa = PBXBuildFile; fileRef = 841F65102AB4AF3000854BA7 /* AppDelegate.swift */; };
		841F65132AB4AF3000854BA7 /* SceneDelegate.swift in Sources */ = {isa = PBXBuildFile; fileRef = 841F65122AB4AF3000854BA7 /* SceneDelegate.swift */; };
		841F65152AB4AF3000854BA7 /* EventMe.swift in Sources */ = {isa = PBXBuildFile; fileRef = 841F65142AB4AF3000854BA7 /* EventMe.swift */; };
		841F65182AB4AF3000854BA7 /* Main.storyboard in Resources */ = {isa = PBXBuildFile; fileRef = 841F65162AB4AF3000854BA7 /* Main.storyboard */; };
		841F651A2AB4AF3500854BA7 /* Assets.xcassets in Resources */ = {isa = PBXBuildFile; fileRef = 841F65192AB4AF3500854BA7 /* Assets.xcassets */; };
		841F651D2AB4AF3500854BA7 /* LaunchScreen.storyboard in Resources */ = {isa = PBXBuildFile; fileRef = 841F651B2AB4AF3500854BA7 /* LaunchScreen.storyboard */; };
		841F65252AB8FE2800854BA7 /* EventMeTableDelegate.swift in Sources */ = {isa = PBXBuildFile; fileRef = 841F65242AB8FE2700854BA7 /* EventMeTableDelegate.swift */; };
		841F65282AB8FEE100854BA7 /* Alamofire in Frameworks */ = {isa = PBXBuildFile; productRef = 841F65272AB8FEE100854BA7 /* Alamofire */; };
		841F652A2AB8FEFF00854BA7 /* Tap.swift in Sources */ = {isa = PBXBuildFile; fileRef = 841F65292AB8FEFF00854BA7 /* Tap.swift */; };
		841F652E2AB8FFE300854BA7 /* Events.swift in Sources */ = {isa = PBXBuildFile; fileRef = 841F652D2AB8FFE300854BA7 /* Events.swift */; };
		841F65312AB9005900854BA7 /* EventCell.swift in Sources */ = {isa = PBXBuildFile; fileRef = 841F652F2AB9005900854BA7 /* EventCell.swift */; };
		841F65322AB9005900854BA7 /* EventCell.xib in Resources */ = {isa = PBXBuildFile; fileRef = 841F65302AB9005900854BA7 /* EventCell.xib */; };
/* End PBXBuildFile section */

/* Begin PBXFileReference section */
		841F650D2AB4AF3000854BA7 /* EventMe.app */ = {isa = PBXFileReference; explicitFileType = wrapper.application; includeInIndex = 0; path = EventMe.app; sourceTree = BUILT_PRODUCTS_DIR; };
		841F65102AB4AF3000854BA7 /* AppDelegate.swift */ = {isa = PBXFileReference; lastKnownFileType = sourcecode.swift; path = AppDelegate.swift; sourceTree = "<group>"; };
		841F65122AB4AF3000854BA7 /* SceneDelegate.swift */ = {isa = PBXFileReference; lastKnownFileType = sourcecode.swift; path = SceneDelegate.swift; sourceTree = "<group>"; };
		841F65142AB4AF3000854BA7 /* EventMe.swift */ = {isa = PBXFileReference; lastKnownFileType = sourcecode.swift; path = EventMe.swift; sourceTree = "<group>"; };
		841F65172AB4AF3000854BA7 /* Base */ = {isa = PBXFileReference; lastKnownFileType = file.storyboard; name = Base; path = Base.lproj/Main.storyboard; sourceTree = "<group>"; };
		841F65192AB4AF3500854BA7 /* Assets.xcassets */ = {isa = PBXFileReference; lastKnownFileType = folder.assetcatalog; path = Assets.xcassets; sourceTree = "<group>"; };
		841F651C2AB4AF3500854BA7 /* Base */ = {isa = PBXFileReference; lastKnownFileType = file.storyboard; name = Base; path = Base.lproj/LaunchScreen.storyboard; sourceTree = "<group>"; };
		841F651E2AB4AF3500854BA7 /* Info.plist */ = {isa = PBXFileReference; lastKnownFileType = text.plist.xml; path = Info.plist; sourceTree = "<group>"; };
		841F65242AB8FE2700854BA7 /* EventMeTableDelegate.swift */ = {isa = PBXFileReference; lastKnownFileType = sourcecode.swift; path = EventMeTableDelegate.swift; sourceTree = "<group>"; };
		841F65292AB8FEFF00854BA7 /* Tap.swift */ = {isa = PBXFileReference; lastKnownFileType = sourcecode.swift; path = Tap.swift; sourceTree = "<group>"; };
		841F652D2AB8FFE300854BA7 /* Events.swift */ = {isa = PBXFileReference; lastKnownFileType = sourcecode.swift; path = Events.swift; sourceTree = "<group>"; };
		841F652F2AB9005900854BA7 /* EventCell.swift */ = {isa = PBXFileReference; lastKnownFileType = sourcecode.swift; path = EventCell.swift; sourceTree = "<group>"; };
		841F65302AB9005900854BA7 /* EventCell.xib */ = {isa = PBXFileReference; lastKnownFileType = file.xib; path = EventCell.xib; sourceTree = "<group>"; };
/* End PBXFileReference section */

/* Begin PBXFrameworksBuildPhase section */
		841F650A2AB4AF3000854BA7 /* Frameworks */ = {
			isa = PBXFrameworksBuildPhase;
			buildActionMask = 2147483647;
			files = (
				841F65282AB8FEE100854BA7 /* Alamofire in Frameworks */,
			);
			runOnlyForDeploymentPostprocessing = 0;
		};
/* End PBXFrameworksBuildPhase section */

/* Begin PBXGroup section */
		841F65042AB4AF3000854BA7 = {
			isa = PBXGroup;
			children = (
				841F650F2AB4AF3000854BA7 /* EventMe */,
				841F650E2AB4AF3000854BA7 /* Products */,
			);
			sourceTree = "<group>";
		};
		841F650E2AB4AF3000854BA7 /* Products */ = {
			isa = PBXGroup;
			children = (
				841F650D2AB4AF3000854BA7 /* EventMe.app */,
			);
			name = Products;
			sourceTree = "<group>";
		};
		841F650F2AB4AF3000854BA7 /* EventMe */ = {
			isa = PBXGroup;
			children = (
				841F65102AB4AF3000854BA7 /* AppDelegate.swift */,
				841F65122AB4AF3000854BA7 /* SceneDelegate.swift */,
				841F65142AB4AF3000854BA7 /* EventMe.swift */,
				841F65242AB8FE2700854BA7 /* EventMeTableDelegate.swift */,
				841F65292AB8FEFF00854BA7 /* Tap.swift */,
				841F652B2AB8FFB300854BA7 /* Models */,
				841F652C2AB8FFC300854BA7 /* TableCells */,
				841F65162AB4AF3000854BA7 /* Main.storyboard */,
				841F65192AB4AF3500854BA7 /* Assets.xcassets */,
				841F651B2AB4AF3500854BA7 /* LaunchScreen.storyboard */,
				841F651E2AB4AF3500854BA7 /* Info.plist */,
			);
			path = EventMe;
			sourceTree = "<group>";
		};
		841F652B2AB8FFB300854BA7 /* Models */ = {
			isa = PBXGroup;
			children = (
				841F652D2AB8FFE300854BA7 /* Events.swift */,
			);
			path = Models;
			sourceTree = "<group>";
		};
		841F652C2AB8FFC300854BA7 /* TableCells */ = {
			isa = PBXGroup;
			children = (
				841F652F2AB9005900854BA7 /* EventCell.swift */,
				841F65302AB9005900854BA7 /* EventCell.xib */,
			);
			path = TableCells;
			sourceTree = "<group>";
		};
/* End PBXGroup section */

/* Begin PBXNativeTarget section */
		841F650C2AB4AF3000854BA7 /* EventMe */ = {
			isa = PBXNativeTarget;
			buildConfigurationList = 841F65212AB4AF3500854BA7 /* Build configuration list for PBXNativeTarget "EventMe" */;
			buildPhases = (
				841F65092AB4AF3000854BA7 /* Sources */,
				841F650A2AB4AF3000854BA7 /* Frameworks */,
				841F650B2AB4AF3000854BA7 /* Resources */,
			);
			buildRules = (
			);
			dependencies = (
			);
			name = EventMe;
			packageProductDependencies = (
				841F65272AB8FEE100854BA7 /* Alamofire */,
			);
			productName = EventMe;
			productReference = 841F650D2AB4AF3000854BA7 /* EventMe.app */;
			productType = "com.apple.product-type.application";
		};
/* End PBXNativeTarget section */

/* Begin PBXProject section */
		841F65052AB4AF3000854BA7 /* Project object */ = {
			isa = PBXProject;
			attributes = {
				BuildIndependentTargetsInParallel = 1;
				LastSwiftUpdateCheck = 1430;
				LastUpgradeCheck = 1430;
				TargetAttributes = {
					841F650C2AB4AF3000854BA7 = {
						CreatedOnToolsVersion = 14.3.1;
					};
				};
			};
			buildConfigurationList = 841F65082AB4AF3000854BA7 /* Build configuration list for PBXProject "EventMe" */;
			compatibilityVersion = "Xcode 14.0";
			developmentRegion = en;
			hasScannedForEncodings = 0;
			knownRegions = (
				en,
				Base,
			);
			mainGroup = 841F65042AB4AF3000854BA7;
			packageReferences = (
				841F65262AB8FEE100854BA7 /* XCRemoteSwiftPackageReference "Alamofire" */,
			);
			productRefGroup = 841F650E2AB4AF3000854BA7 /* Products */;
			projectDirPath = "";
			projectRoot = "";
			targets = (
				841F650C2AB4AF3000854BA7 /* EventMe */,
			);
		};
/* End PBXProject section */

/* Begin PBXResourcesBuildPhase section */
		841F650B2AB4AF3000854BA7 /* Resources */ = {
			isa = PBXResourcesBuildPhase;
			buildActionMask = 2147483647;
			files = (
				841F65322AB9005900854BA7 /* EventCell.xib in Resources */,
				841F651D2AB4AF3500854BA7 /* LaunchScreen.storyboard in Resources */,
				841F651A2AB4AF3500854BA7 /* Assets.xcassets in Resources */,
				841F65182AB4AF3000854BA7 /* Main.storyboard in Resources */,
			);
			runOnlyForDeploymentPostprocessing = 0;
		};
/* End PBXResourcesBuildPhase section */

/* Begin PBXSourcesBuildPhase section */
		841F65092AB4AF3000854BA7 /* Sources */ = {
			isa = PBXSourcesBuildPhase;
			buildActionMask = 2147483647;
			files = (
				841F652E2AB8FFE300854BA7 /* Events.swift in Sources */,
				841F65252AB8FE2800854BA7 /* EventMeTableDelegate.swift in Sources */,
				841F65152AB4AF3000854BA7 /* EventMe.swift in Sources */,
				841F652A2AB8FEFF00854BA7 /* Tap.swift in Sources */,
				841F65112AB4AF3000854BA7 /* AppDelegate.swift in Sources */,
				841F65132AB4AF3000854BA7 /* SceneDelegate.swift in Sources */,
				841F65312AB9005900854BA7 /* EventCell.swift in Sources */,
			);
			runOnlyForDeploymentPostprocessing = 0;
		};
/* End PBXSourcesBuildPhase section */

/* Begin PBXVariantGroup section */
		841F65162AB4AF3000854BA7 /* Main.storyboard */ = {
			isa = PBXVariantGroup;
			children = (
				841F65172AB4AF3000854BA7 /* Base */,
			);
			name = Main.storyboard;
			sourceTree = "<group>";
		};
		841F651B2AB4AF3500854BA7 /* LaunchScreen.storyboard */ = {
			isa = PBXVariantGroup;
			children = (
				841F651C2AB4AF3500854BA7 /* Base */,
			);
			name = LaunchScreen.storyboard;
			sourceTree = "<group>";
		};
/* End PBXVariantGroup section */

/* Begin XCBuildConfiguration section */
		841F651F2AB4AF3500854BA7 /* Debug */ = {
			isa = XCBuildConfiguration;
			buildSettings = {
				ALWAYS_SEARCH_USER_PATHS = NO;
				CLANG_ANALYZER_NONNULL = YES;
				CLANG_ANALYZER_NUMBER_OBJECT_CONVERSION = YES_AGGRESSIVE;
				CLANG_CXX_LANGUAGE_STANDARD = "gnu++20";
				CLANG_ENABLE_MODULES = YES;
				CLANG_ENABLE_OBJC_ARC = YES;
				CLANG_ENABLE_OBJC_WEAK = YES;
				CLANG_WARN_BLOCK_CAPTURE_AUTORELEASING = YES;
				CLANG_WARN_BOOL_CONVERSION = YES;
				CLANG_WARN_COMMA = YES;
				CLANG_WARN_CONSTANT_CONVERSION = YES;
				CLANG_WARN_DEPRECATED_OBJC_IMPLEMENTATIONS = YES;
				CLANG_WARN_DIRECT_OBJC_ISA_USAGE = YES_ERROR;
				CLANG_WARN_DOCUMENTATION_COMMENTS = YES;
				CLANG_WARN_EMPTY_BODY = YES;
				CLANG_WARN_ENUM_CONVERSION = YES;
				CLANG_WARN_INFINITE_RECURSION = YES;
				CLANG_WARN_INT_CONVERSION = YES;
				CLANG_WARN_NON_LITERAL_NULL_CONVERSION = YES;
				CLANG_WARN_OBJC_IMPLICIT_RETAIN_SELF = YES;
				CLANG_WARN_OBJC_LITERAL_CONVERSION = YES;
				CLANG_WARN_OBJC_ROOT_CLASS = YES_ERROR;
				CLANG_WARN_QUOTED_INCLUDE_IN_FRAMEWORK_HEADER = YES;
				CLANG_WARN_RANGE_LOOP_ANALYSIS = YES;
				CLANG_WARN_STRICT_PROTOTYPES = YES;
				CLANG_WARN_SUSPICIOUS_MOVE = YES;
				CLANG_WARN_UNGUARDED_AVAILABILITY = YES_AGGRESSIVE;
				CLANG_WARN_UNREACHABLE_CODE = YES;
				CLANG_WARN__DUPLICATE_METHOD_MATCH = YES;
				COPY_PHASE_STRIP = NO;
				DEBUG_INFORMATION_FORMAT = dwarf;
				ENABLE_STRICT_OBJC_MSGSEND = YES;
				ENABLE_TESTABILITY = YES;
				GCC_C_LANGUAGE_STANDARD = gnu11;
				GCC_DYNAMIC_NO_PIC = NO;
				GCC_NO_COMMON_BLOCKS = YES;
				GCC_OPTIMIZATION_LEVEL = 0;
				GCC_PREPROCESSOR_DEFINITIONS = (
					"DEBUG=1",
					"$(inherited)",
				);
				GCC_WARN_64_TO_32_BIT_CONVERSION = YES;
				GCC_WARN_ABOUT_RETURN_TYPE = YES_ERROR;
				GCC_WARN_UNDECLARED_SELECTOR = YES;
				GCC_WARN_UNINITIALIZED_AUTOS = YES_AGGRESSIVE;
				GCC_WARN_UNUSED_FUNCTION = YES;
				GCC_WARN_UNUSED_VARIABLE = YES;
				IPHONEOS_DEPLOYMENT_TARGET = 16.4;
				MTL_ENABLE_DEBUG_INFO = INCLUDE_SOURCE;
				MTL_FAST_MATH = YES;
				ONLY_ACTIVE_ARCH = YES;
				SDKROOT = iphoneos;
				SWIFT_ACTIVE_COMPILATION_CONDITIONS = DEBUG;
				SWIFT_OPTIMIZATION_LEVEL = "-Onone";
			};
			name = Debug;
		};
		841F65202AB4AF3500854BA7 /* Release */ = {
			isa = XCBuildConfiguration;
			buildSettings = {
				ALWAYS_SEARCH_USER_PATHS = NO;
				CLANG_ANALYZER_NONNULL = YES;
				CLANG_ANALYZER_NUMBER_OBJECT_CONVERSION = YES_AGGRESSIVE;
				CLANG_CXX_LANGUAGE_STANDARD = "gnu++20";
				CLANG_ENABLE_MODULES = YES;
				CLANG_ENABLE_OBJC_ARC = YES;
				CLANG_ENABLE_OBJC_WEAK = YES;
				CLANG_WARN_BLOCK_CAPTURE_AUTORELEASING = YES;
				CLANG_WARN_BOOL_CONVERSION = YES;
				CLANG_WARN_COMMA = YES;
				CLANG_WARN_CONSTANT_CONVERSION = YES;
				CLANG_WARN_DEPRECATED_OBJC_IMPLEMENTATIONS = YES;
				CLANG_WARN_DIRECT_OBJC_ISA_USAGE = YES_ERROR;
				CLANG_WARN_DOCUMENTATION_COMMENTS = YES;
				CLANG_WARN_EMPTY_BODY = YES;
				CLANG_WARN_ENUM_CONVERSION = YES;
				CLANG_WARN_INFINITE_RECURSION = YES;
				CLANG_WARN_INT_CONVERSION = YES;
				CLANG_WARN_NON_LITERAL_NULL_CONVERSION = YES;
				CLANG_WARN_OBJC_IMPLICIT_RETAIN_SELF = YES;
				CLANG_WARN_OBJC_LITERAL_CONVERSION = YES;
				CLANG_WARN_OBJC_ROOT_CLASS = YES_ERROR;
				CLANG_WARN_QUOTED_INCLUDE_IN_FRAMEWORK_HEADER = YES;
				CLANG_WARN_RANGE_LOOP_ANALYSIS = YES;
				CLANG_WARN_STRICT_PROTOTYPES = YES;
				CLANG_WARN_SUSPICIOUS_MOVE = YES;
				CLANG_WARN_UNGUARDED_AVAILABILITY = YES_AGGRESSIVE;
				CLANG_WARN_UNREACHABLE_CODE = YES;
				CLANG_WARN__DUPLICATE_METHOD_MATCH = YES;
				COPY_PHASE_STRIP = NO;
				DEBUG_INFORMATION_FORMAT = "dwarf-with-dsym";
				ENABLE_NS_ASSERTIONS = NO;
				ENABLE_STRICT_OBJC_MSGSEND = YES;
				GCC_C_LANGUAGE_STANDARD = gnu11;
				GCC_NO_COMMON_BLOCKS = YES;
				GCC_WARN_64_TO_32_BIT_CONVERSION = YES;
				GCC_WARN_ABOUT_RETURN_TYPE = YES_ERROR;
				GCC_WARN_UNDECLARED_SELECTOR = YES;
				GCC_WARN_UNINITIALIZED_AUTOS = YES_AGGRESSIVE;
				GCC_WARN_UNUSED_FUNCTION = YES;
				GCC_WARN_UNUSED_VARIABLE = YES;
				IPHONEOS_DEPLOYMENT_TARGET = 16.4;
				MTL_ENABLE_DEBUG_INFO = NO;
				MTL_FAST_MATH = YES;
				SDKROOT = iphoneos;
				SWIFT_COMPILATION_MODE = wholemodule;
				SWIFT_OPTIMIZATION_LEVEL = "-O";
				VALIDATE_PRODUCT = YES;
			};
			name = Release;
		};
		841F65222AB4AF3500854BA7 /* Debug */ = {
			isa = XCBuildConfiguration;
			buildSettings = {
				ASSETCATALOG_COMPILER_APPICON_NAME = AppIcon;
				ASSETCATALOG_COMPILER_GLOBAL_ACCENT_COLOR_NAME = AccentColor;
				CODE_SIGN_STYLE = Automatic;
				CURRENT_PROJECT_VERSION = 1;
				DEVELOPMENT_TEAM = 3VVT576UZN;
				GENERATE_INFOPLIST_FILE = YES;
				INFOPLIST_FILE = EventMe/Info.plist;
				INFOPLIST_KEY_UIApplicationSupportsIndirectInputEvents = YES;
				INFOPLIST_KEY_UILaunchStoryboardName = LaunchScreen;
				INFOPLIST_KEY_UIMainStoryboardFile = Main;
				INFOPLIST_KEY_UISupportedInterfaceOrientations_iPad = "UIInterfaceOrientationPortrait UIInterfaceOrientationPortraitUpsideDown UIInterfaceOrientationLandscapeLeft UIInterfaceOrientationLandscapeRight";
				INFOPLIST_KEY_UISupportedInterfaceOrientations_iPhone = "UIInterfaceOrientationPortrait UIInterfaceOrientationLandscapeLeft UIInterfaceOrientationLandscapeRight";
				LD_RUNPATH_SEARCH_PATHS = (
					"$(inherited)",
					"@executable_path/Frameworks",
				);
				MARKETING_VERSION = 1.0;
				PRODUCT_BUNDLE_IDENTIFIER = "Big-Nerd-Ranch.EventMe";
				PRODUCT_NAME = "$(TARGET_NAME)";
				SWIFT_EMIT_LOC_STRINGS = YES;
				SWIFT_VERSION = 5.0;
				TARGETED_DEVICE_FAMILY = "1,2";
			};
			name = Debug;
		};
		841F65232AB4AF3500854BA7 /* Release */ = {
			isa = XCBuildConfiguration;
			buildSettings = {
				ASSETCATALOG_COMPILER_APPICON_NAME = AppIcon;
				ASSETCATALOG_COMPILER_GLOBAL_ACCENT_COLOR_NAME = AccentColor;
				CODE_SIGN_STYLE = Automatic;
				CURRENT_PROJECT_VERSION = 1;
				DEVELOPMENT_TEAM = 3VVT576UZN;
				GENERATE_INFOPLIST_FILE = YES;
				INFOPLIST_FILE = EventMe/Info.plist;
				INFOPLIST_KEY_UIApplicationSupportsIndirectInputEvents = YES;
				INFOPLIST_KEY_UILaunchStoryboardName = LaunchScreen;
				INFOPLIST_KEY_UIMainStoryboardFile = Main;
				INFOPLIST_KEY_UISupportedInterfaceOrientations_iPad = "UIInterfaceOrientationPortrait UIInterfaceOrientationPortraitUpsideDown UIInterfaceOrientationLandscapeLeft UIInterfaceOrientationLandscapeRight";
				INFOPLIST_KEY_UISupportedInterfaceOrientations_iPhone = "UIInterfaceOrientationPortrait UIInterfaceOrientationLandscapeLeft UIInterfaceOrientationLandscapeRight";
				LD_RUNPATH_SEARCH_PATHS = (
					"$(inherited)",
					"@executable_path/Frameworks",
				);
				MARKETING_VERSION = 1.0;
				PRODUCT_BUNDLE_IDENTIFIER = "Big-Nerd-Ranch.EventMe";
				PRODUCT_NAME = "$(TARGET_NAME)";
				SWIFT_EMIT_LOC_STRINGS = YES;
				SWIFT_VERSION = 5.0;
				TARGETED_DEVICE_FAMILY = "1,2";
			};
			name = Release;
		};
/* End XCBuildConfiguration section */

/* Begin XCConfigurationList section */
		841F65082AB4AF3000854BA7 /* Build configuration list for PBXProject "EventMe" */ = {
			isa = XCConfigurationList;
			buildConfigurations = (
				841F651F2AB4AF3500854BA7 /* Debug */,
				841F65202AB4AF3500854BA7 /* Release */,
			);
			defaultConfigurationIsVisible = 0;
			defaultConfigurationName = Release;
		};
		841F65212AB4AF3500854BA7 /* Build configuration list for PBXNativeTarget "EventMe" */ = {
			isa = XCConfigurationList;
			buildConfigurations = (
				841F65222AB4AF3500854BA7 /* Debug */,
				841F65232AB4AF3500854BA7 /* Release */,
			);
			defaultConfigurationIsVisible = 0;
			defaultConfigurationName = Release;
		};
/* End XCConfigurationList section */

/* Begin XCRemoteSwiftPackageReference section */
		841F65262AB8FEE100854BA7 /* XCRemoteSwiftPackageReference "Alamofire" */ = {
			isa = XCRemoteSwiftPackageReference;
			repositoryURL = "https://github.com/Alamofire/Alamofire.git";
			requirement = {
				kind = upToNextMajorVersion;
				minimumVersion = 5.0.0;
			};
		};
/* End XCRemoteSwiftPackageReference section */

/* Begin XCSwiftPackageProductDependency section */
		841F65272AB8FEE100854BA7 /* Alamofire */ = {
			isa = XCSwiftPackageProductDependency;
			package = 841F65262AB8FEE100854BA7 /* XCRemoteSwiftPackageReference "Alamofire" */;
			productName = Alamofire;
		};
/* End XCSwiftPackageProductDependency section */
	};
	rootObject = 841F65052AB4AF3000854BA7 /* Project object */;
}
